
Microsoft Visual Studio Solution File, Format Version 12.00
# Visual Studio Version 17
VisualStudioVersion = 17.2.32526.322
MinimumVisualStudioVersion = 10.0.40219.1
Project("{FAE04EC0-301F-11D3-BF4B-00C04F79EFBC}") = "Hæveautomat - Xunit test development opgave", "Hæveautomat - Xunit test development opgave\Hæveautomat - Xunit test development opgave.csproj", "{F3072F3F-BFAD-4C4B-AC6F-6A332D2AF07A}"
EndProject
Project("{FAE04EC0-301F-11D3-BF4B-00C04F79EFBC}") = "Hæveautomat.Tests", "Hæveautomat.Tests\Hæveautomat.Tests.csproj", "{BD21ECBD-52CD-44B4-B206-E80D23267507}"
EndProject
Global
	GlobalSection(SolutionConfigurationPlatforms) = preSolution
		Debug|Any CPU = Debug|Any CPU
		Release|Any CPU = Release|Any CPU
	EndGlobalSection
	GlobalSection(ProjectConfigurationPlatforms) = postSolution
		{F3072F3F-BFAD-4C4B-AC6F-6A332D2AF07A}.Debug|Any CPU.ActiveCfg = Debug|Any CPU
		{F3072F3F-BFAD-4C4B-AC6F-6A332D2AF07A}.Debug|Any CPU.Build.0 = Debug|Any CPU
		{F3072F3F-BFAD-4C4B-AC6F-6A332D2AF07A}.Release|Any CPU.ActiveCfg = Release|Any CPU
		{F3072F3F-BFAD-4C4B-AC6F-6A332D2AF07A}.Release|Any CPU.Build.0 = Release|Any CPU
		{BD21ECBD-52CD-44B4-B206-E80D23267507}.Debug|Any CPU.ActiveCfg = Debug|Any CPU
		{BD21ECBD-52CD-44B4-B206-E80D23267507}.Debug|Any CPU.Build.0 = Debug|Any CPU
		{BD21ECBD-52CD-44B4-B206-E80D23267507}.Release|Any CPU.ActiveCfg = Release|Any CPU
		{BD21ECBD-52CD-44B4-B206-E80D23267507}.Release|Any CPU.Build.0 = Release|Any CPU
	EndGlobalSection
	GlobalSection(SolutionProperties) = preSolution
		HideSolutionNode = FALSE
	EndGlobalSection
	GlobalSection(ExtensibilityGlobals) = postSolution
		SolutionGuid = {8C7D8893-CEC3-4399-AD7C-E3064258563E}
	EndGlobalSection
EndGlobal
